
Microsoft Visual Studio Solution File, Format Version 12.00
# Visual Studio Version 17
VisualStudioVersion = 17.8.34525.116
MinimumVisualStudioVersion = 10.0.40219.1
Project("{FAE04EC0-301F-11D3-BF4B-00C04F79EFBC}") = "GrandTheftInfo", "GrandTheftInfo\GrandTheftInfo.csproj", "{29623BB8-E3F2-4C41-99B9-0EE4E8755317}"
EndProject
Project("{FAE04EC0-301F-11D3-BF4B-00C04F79EFBC}") = "GrandTheftInfo.Core", "GrandTheftInfo.Core\GrandTheftInfo.Core.csproj", "{7384F0FC-A5EA-491C-AC85-F989D40C99A0}"
EndProject
Project("{FAE04EC0-301F-11D3-BF4B-00C04F79EFBC}") = "GrandTheftInfo.Infrastructure", "GrandTheftInfo.Infrastructure\GrandTheftInfo.Infrastructure.csproj", "{6432C66B-F7E3-41D5-AE53-FCDC12C10124}"
EndProject
Global
	GlobalSection(SolutionConfigurationPlatforms) = preSolution
		Debug|Any CPU = Debug|Any CPU
		Release|Any CPU = Release|Any CPU
	EndGlobalSection
	GlobalSection(ProjectConfigurationPlatforms) = postSolution
		{29623BB8-E3F2-4C41-99B9-0EE4E8755317}.Debug|Any CPU.ActiveCfg = Debug|Any CPU
		{29623BB8-E3F2-4C41-99B9-0EE4E8755317}.Debug|Any CPU.Build.0 = Debug|Any CPU
		{29623BB8-E3F2-4C41-99B9-0EE4E8755317}.Release|Any CPU.ActiveCfg = Release|Any CPU
		{29623BB8-E3F2-4C41-99B9-0EE4E8755317}.Release|Any CPU.Build.0 = Release|Any CPU
		{7384F0FC-A5EA-491C-AC85-F989D40C99A0}.Debug|Any CPU.ActiveCfg = Debug|Any CPU
		{7384F0FC-A5EA-491C-AC85-F989D40C99A0}.Debug|Any CPU.Build.0 = Debug|Any CPU
		{7384F0FC-A5EA-491C-AC85-F989D40C99A0}.Release|Any CPU.ActiveCfg = Release|Any CPU
		{7384F0FC-A5EA-491C-AC85-F989D40C99A0}.Release|Any CPU.Build.0 = Release|Any CPU
		{6432C66B-F7E3-41D5-AE53-FCDC12C10124}.Debug|Any CPU.ActiveCfg = Debug|Any CPU
		{6432C66B-F7E3-41D5-AE53-FCDC12C10124}.Debug|Any CPU.Build.0 = Debug|Any CPU
		{6432C66B-F7E3-41D5-AE53-FCDC12C10124}.Release|Any CPU.ActiveCfg = Release|Any CPU
		{6432C66B-F7E3-41D5-AE53-FCDC12C10124}.Release|Any CPU.Build.0 = Release|Any CPU
	EndGlobalSection
	GlobalSection(SolutionProperties) = preSolution
		HideSolutionNode = FALSE
	EndGlobalSection
	GlobalSection(ExtensibilityGlobals) = postSolution
		SolutionGuid = {D7D97870-0783-4729-A97A-A27B3AD0F23E}
	EndGlobalSection
EndGlobal
